// !$*UTF8*$!
{
	archiveVersion = 1;
	classes = {
	};
	objectVersion = 48;
	objects = {

/* Begin PBXBuildFile section */
		01E7C2A0204EA64500DFEF52 /* AppDelegate.m in Sources */ = {isa = PBXBuildFile; fileRef = 01E7C29F204EA64500DFEF52 /* AppDelegate.m */; };
		01E7C2A3204EA64500DFEF52 /* ViewController.m in Sources */ = {isa = PBXBuildFile; fileRef = 01E7C2A2204EA64500DFEF52 /* ViewController.m */; };
		01E7C2A6204EA64500DFEF52 /* Main.storyboard in Resources */ = {isa = PBXBuildFile; fileRef = 01E7C2A4204EA64500DFEF52 /* Main.storyboard */; };
		01E7C2A8204EA64500DFEF52 /* Assets.xcassets in Resources */ = {isa = PBXBuildFile; fileRef = 01E7C2A7204EA64500DFEF52 /* Assets.xcassets */; };
		01E7C2AB204EA64500DFEF52 /* LaunchScreen.storyboard in Resources */ = {isa = PBXBuildFile; fileRef = 01E7C2A9204EA64500DFEF52 /* LaunchScreen.storyboard */; };
		01E7C2AE204EA64500DFEF52 /* main.m in Sources */ = {isa = PBXBuildFile; fileRef = 01E7C2AD204EA64500DFEF52 /* main.m */; };
		01E7C2B8204EA64500DFEF52 /* demo1Tests.m in Sources */ = {isa = PBXBuildFile; fileRef = 01E7C2B7204EA64500DFEF52 /* demo1Tests.m */; };
		01E7C2C3204EA64500DFEF52 /* demo1UITests.m in Sources */ = {isa = PBXBuildFile; fileRef = 01E7C2C2204EA64500DFEF52 /* demo1UITests.m */; };
/* End PBXBuildFile section */

/* Begin PBXContainerItemProxy section */
		01E7C2B4204EA64500DFEF52 /* PBXContainerItemProxy */ = {
			isa = PBXContainerItemProxy;
			containerPortal = 01E7C293204EA64500DFEF52 /* Project object */;
			proxyType = 1;
			remoteGlobalIDString = 01E7C29A204EA64500DFEF52;
			remoteInfo = demo1;
		};
		01E7C2BF204EA64500DFEF52 /* PBXContainerItemProxy */ = {
			isa = PBXContainerItemProxy;
			containerPortal = 01E7C293204EA64500DFEF52 /* Project object */;
			proxyType = 1;
			remoteGlobalIDString = 01E7C29A204EA64500DFEF52;
			remoteInfo = demo1;
		};
/* End PBXContainerItemProxy section */

/* Begin PBXFileReference section */
		01E7C29B204EA64500DFEF52 /* demo1.app */ = {isa = PBXFileReference; explicitFileType = wrapper.application; includeInIndex = 0; path = demo1.app; sourceTree = BUILT_PRODUCTS_DIR; };
		01E7C29E204EA64500DFEF52 /* AppDelegate.h */ = {isa = PBXFileReference; lastKnownFileType = sourcecode.c.h; path = AppDelegate.h; sourceTree = "<group>"; };
		01E7C29F204EA64500DFEF52 /* AppDelegate.m */ = {isa = PBXFileReference; lastKnownFileType = sourcecode.c.objc; path = AppDelegate.m; sourceTree = "<group>"; };
		01E7C2A1204EA64500DFEF52 /* ViewController.h */ = {isa = PBXFileReference; lastKnownFileType = sourcecode.c.h; path = ViewController.h; sourceTree = "<group>"; };
		01E7C2A2204EA64500DFEF52 /* ViewController.m */ = {isa = PBXFileReference; lastKnownFileType = sourcecode.c.objc; path = ViewController.m; sourceTree = "<group>"; };
		01E7C2A5204EA64500DFEF52 /* Base */ = {isa = PBXFileReference; lastKnownFileType = file.storyboard; name = Base; path = Base.lproj/Main.storyboard; sourceTree = "<group>"; };
		01E7C2A7204EA64500DFEF52 /* Assets.xcassets */ = {isa = PBXFileReference; lastKnownFileType = folder.assetcatalog; path = Assets.xcassets; sourceTree = "<group>"; };
		01E7C2AA204EA64500DFEF52 /* Base */ = {isa = PBXFileReference; lastKnownFileType = file.storyboard; name = Base; path = Base.lproj/LaunchScreen.storyboard; sourceTree = "<group>"; };
		01E7C2AC204EA64500DFEF52 /* Info.plist */ = {isa = PBXFileReference; lastKnownFileType = text.plist.xml; path = Info.plist; sourceTree = "<group>"; };
		01E7C2AD204EA64500DFEF52 /* main.m */ = {isa = PBXFileReference; lastKnownFileType = sourcecode.c.objc; path = main.m; sourceTree = "<group>"; };
		01E7C2B3204EA64500DFEF52 /* demo1Tests.xctest */ = {isa = PBXFileReference; explicitFileType = wrapper.cfbundle; includeInIndex = 0; path = demo1Tests.xctest; sourceTree = BUILT_PRODUCTS_DIR; };
		01E7C2B7204EA64500DFEF52 /* demo1Tests.m */ = {isa = PBXFileReference; lastKnownFileType = sourcecode.c.objc; path = demo1Tests.m; sourceTree = "<group>"; };
		01E7C2B9204EA64500DFEF52 /* Info.plist */ = {isa = PBXFileReference; lastKnownFileType = text.plist.xml; path = Info.plist; sourceTree = "<group>"; };
		01E7C2BE204EA64500DFEF52 /* demo1UITests.xctest */ = {isa = PBXFileReference; explicitFileType = wrapper.cfbundle; includeInIndex = 0; path = demo1UITests.xctest; sourceTree = BUILT_PRODUCTS_DIR; };
		01E7C2C2204EA64500DFEF52 /* demo1UITests.m */ = {isa = PBXFileReference; lastKnownFileType = sourcecode.c.objc; path = demo1UITests.m; sourceTree = "<group>"; };
		01E7C2C4204EA64500DFEF52 /* Info.plist */ = {isa = PBXFileReference; lastKnownFileType = text.plist.xml; path = Info.plist; sourceTree = "<group>"; };
/* End PBXFileReference section */

/* Begin PBXFrameworksBuildPhase section */
		01E7C298204EA64500DFEF52 /* Frameworks */ = {
			isa = PBXFrameworksBuildPhase;
			buildActionMask = 2147483647;
			files = (
			);
			runOnlyForDeploymentPostprocessing = 0;
		};
		01E7C2B0204EA64500DFEF52 /* Frameworks */ = {
			isa = PBXFrameworksBuildPhase;
			buildActionMask = 2147483647;
			files = (
			);
			runOnlyForDeploymentPostprocessing = 0;
		};
		01E7C2BB204EA64500DFEF52 /* Frameworks */ = {
			isa = PBXFrameworksBuildPhase;
			buildActionMask = 2147483647;
			files = (
			);
			runOnlyForDeploymentPostprocessing = 0;
		};
/* End PBXFrameworksBuildPhase section */

/* Begin PBXGroup section */
		01E7C292204EA64500DFEF52 = {
			isa = PBXGroup;
			children = (
				01E7C29D204EA64500DFEF52 /* demo1 */,
				01E7C2B6204EA64500DFEF52 /* demo1Tests */,
				01E7C2C1204EA64500DFEF52 /* demo1UITests */,
				01E7C29C204EA64500DFEF52 /* Products */,
			);
			sourceTree = "<group>";
		};
		01E7C29C204EA64500DFEF52 /* Products */ = {
			isa = PBXGroup;
			children = (
				01E7C29B204EA64500DFEF52 /* demo1.app */,
				01E7C2B3204EA64500DFEF52 /* demo1Tests.xctest */,
				01E7C2BE204EA64500DFEF52 /* demo1UITests.xctest */,
			);
			name = Products;
			sourceTree = "<group>";
		};
		01E7C29D204EA64500DFEF52 /* demo1 */ = {
			isa = PBXGroup;
			children = (
				01E7C29E204EA64500DFEF52 /* AppDelegate.h */,
				01E7C29F204EA64500DFEF52 /* AppDelegate.m */,
				01E7C2A1204EA64500DFEF52 /* ViewController.h */,
				01E7C2A2204EA64500DFEF52 /* ViewController.m */,
				01E7C2A4204EA64500DFEF52 /* Main.storyboard */,
				01E7C2A7204EA64500DFEF52 /* Assets.xcassets */,
				01E7C2A9204EA64500DFEF52 /* LaunchScreen.storyboard */,
				01E7C2AC204EA64500DFEF52 /* Info.plist */,
				01E7C2AD204EA64500DFEF52 /* main.m */,
			);
			path = demo1;
			sourceTree = "<group>";
		};
		01E7C2B6204EA64500DFEF52 /* demo1Tests */ = {
			isa = PBXGroup;
			children = (
				01E7C2B7204EA64500DFEF52 /* demo1Tests.m */,
				01E7C2B9204EA64500DFEF52 /* Info.plist */,
			);
			path = demo1Tests;
			sourceTree = "<group>";
		};
		01E7C2C1204EA64500DFEF52 /* demo1UITests */ = {
			isa = PBXGroup;
			children = (
				01E7C2C2204EA64500DFEF52 /* demo1UITests.m */,
				01E7C2C4204EA64500DFEF52 /* Info.plist */,
			);
			path = demo1UITests;
			sourceTree = "<group>";
		};
/* End PBXGroup section */

/* Begin PBXNativeTarget section */
		01E7C29A204EA64500DFEF52 /* demo1 */ = {
			isa = PBXNativeTarget;
			buildConfigurationList = 01E7C2C7204EA64500DFEF52 /* Build configuration list for PBXNativeTarget "demo1" */;
			buildPhases = (
				01E7C297204EA64500DFEF52 /* Sources */,
				01E7C298204EA64500DFEF52 /* Frameworks */,
				01E7C299204EA64500DFEF52 /* Resources */,
			);
			buildRules = (
			);
			dependencies = (
			);
			name = demo1;
			productName = demo1;
			productReference = 01E7C29B204EA64500DFEF52 /* demo1.app */;
			productType = "com.apple.product-type.application";
		};
		01E7C2B2204EA64500DFEF52 /* demo1Tests */ = {
			isa = PBXNativeTarget;
			buildConfigurationList = 01E7C2CA204EA64500DFEF52 /* Build configuration list for PBXNativeTarget "demo1Tests" */;
			buildPhases = (
				01E7C2AF204EA64500DFEF52 /* Sources */,
				01E7C2B0204EA64500DFEF52 /* Frameworks */,
				01E7C2B1204EA64500DFEF52 /* Resources */,
			);
			buildRules = (
			);
			dependencies = (
				01E7C2B5204EA64500DFEF52 /* PBXTargetDependency */,
			);
			name = demo1Tests;
			productName = demo1Tests;
			productReference = 01E7C2B3204EA64500DFEF52 /* demo1Tests.xctest */;
			productType = "com.apple.product-type.bundle.unit-test";
		};
		01E7C2BD204EA64500DFEF52 /* demo1UITests */ = {
			isa = PBXNativeTarget;
			buildConfigurationList = 01E7C2CD204EA64500DFEF52 /* Build configuration list for PBXNativeTarget "demo1UITests" */;
			buildPhases = (
				01E7C2BA204EA64500DFEF52 /* Sources */,
				01E7C2BB204EA64500DFEF52 /* Frameworks */,
				01E7C2BC204EA64500DFEF52 /* Resources */,
			);
			buildRules = (
			);
			dependencies = (
				01E7C2C0204EA64500DFEF52 /* PBXTargetDependency */,
			);
			name = demo1UITests;
			productName = demo1UITests;
			productReference = 01E7C2BE204EA64500DFEF52 /* demo1UITests.xctest */;
			productType = "com.apple.product-type.bundle.ui-testing";
		};
/* End PBXNativeTarget section */

/* Begin PBXProject section */
		01E7C293204EA64500DFEF52 /* Project object */ = {
			isa = PBXProject;
			attributes = {
				LastUpgradeCheck = 0920;
				ORGANIZATIONNAME = liuwei;
				TargetAttributes = {
					01E7C29A204EA64500DFEF52 = {
						CreatedOnToolsVersion = 9.2;
						ProvisioningStyle = Automatic;
					};
					01E7C2B2204EA64500DFEF52 = {
						CreatedOnToolsVersion = 9.2;
						ProvisioningStyle = Automatic;
						TestTargetID = 01E7C29A204EA64500DFEF52;
					};
					01E7C2BD204EA64500DFEF52 = {
						CreatedOnToolsVersion = 9.2;
						ProvisioningStyle = Automatic;
						TestTargetID = 01E7C29A204EA64500DFEF52;
					};
				};
			};
			buildConfigurationList = 01E7C296204EA64500DFEF52 /* Build configuration list for PBXProject "demo1" */;
			compatibilityVersion = "Xcode 8.0";
			developmentRegion = en;
			hasScannedForEncodings = 0;
			knownRegions = (
				en,
				Base,
			);
			mainGroup = 01E7C292204EA64500DFEF52;
			productRefGroup = 01E7C29C204EA64500DFEF52 /* Products */;
			projectDirPath = "";
			projectRoot = "";
			targets = (
				01E7C29A204EA64500DFEF52 /* demo1 */,
				01E7C2B2204EA64500DFEF52 /* demo1Tests */,
				01E7C2BD204EA64500DFEF52 /* demo1UITests */,
			);
		};
/* End PBXProject section */

/* Begin PBXResourcesBuildPhase section */
		01E7C299204EA64500DFEF52 /* Resources */ = {
			isa = PBXResourcesBuildPhase;
			buildActionMask = 2147483647;
			files = (
				01E7C2AB204EA64500DFEF52 /* LaunchScreen.storyboard in Resources */,
				01E7C2A8204EA64500DFEF52 /* Assets.xcassets in Resources */,
				01E7C2A6204EA64500DFEF52 /* Main.storyboard in Resources */,
			);
			runOnlyForDeploymentPostprocessing = 0;
		};
		01E7C2B1204EA64500DFEF52 /* Resources */ = {
			isa = PBXResourcesBuildPhase;
			buildActionMask = 2147483647;
			files = (
			);
			runOnlyForDeploymentPostprocessing = 0;
		};
		01E7C2BC204EA64500DFEF52 /* Resources */ = {
			isa = PBXResourcesBuildPhase;
			buildActionMask = 2147483647;
			files = (
			);
			runOnlyForDeploymentPostprocessing = 0;
		};
/* End PBXResourcesBuildPhase section */

/* Begin PBXSourcesBuildPhase section */
		01E7C297204EA64500DFEF52 /* Sources */ = {
			isa = PBXSourcesBuildPhase;
			buildActionMask = 2147483647;
			files = (
				01E7C2A3204EA64500DFEF52 /* ViewController.m in Sources */,
				01E7C2AE204EA64500DFEF52 /* main.m in Sources */,
				01E7C2A0204EA64500DFEF52 /* AppDelegate.m in Sources */,
			);
			runOnlyForDeploymentPostprocessing = 0;
		};
		01E7C2AF204EA64500DFEF52 /* Sources */ = {
			isa = PBXSourcesBuildPhase;
			buildActionMask = 2147483647;
			files = (
				01E7C2B8204EA64500DFEF52 /* demo1Tests.m in Sources */,
			);
			runOnlyForDeploymentPostprocessing = 0;
		};
		01E7C2BA204EA64500DFEF52 /* Sources */ = {
			isa = PBXSourcesBuildPhase;
			buildActionMask = 2147483647;
			files = (
				01E7C2C3204EA64500DFEF52 /* demo1UITests.m in Sources */,
			);
			runOnlyForDeploymentPostprocessing = 0;
		};
/* End PBXSourcesBuildPhase section */

/* Begin PBXTargetDependency section */
		01E7C2B5204EA64500DFEF52 /* PBXTargetDependency */ = {
			isa = PBXTargetDependency;
			target = 01E7C29A204EA64500DFEF52 /* demo1 */;
			targetProxy = 01E7C2B4204EA64500DFEF52 /* PBXContainerItemProxy */;
		};
		01E7C2C0204EA64500DFEF52 /* PBXTargetDependency */ = {
			isa = PBXTargetDependency;
			target = 01E7C29A204EA64500DFEF52 /* demo1 */;
			targetProxy = 01E7C2BF204EA64500DFEF52 /* PBXContainerItemProxy */;
		};
/* End PBXTargetDependency section */

/* Begin PBXVariantGroup section */
		01E7C2A4204EA64500DFEF52 /* Main.storyboard */ = {
			isa = PBXVariantGroup;
			children = (
				01E7C2A5204EA64500DFEF52 /* Base */,
			);
			name = Main.storyboard;
			sourceTree = "<group>";
		};
		01E7C2A9204EA64500DFEF52 /* LaunchScreen.storyboard */ = {
			isa = PBXVariantGroup;
			children = (
				01E7C2AA204EA64500DFEF52 /* Base */,
			);
			name = LaunchScreen.storyboard;
			sourceTree = "<group>";
		};
/* End PBXVariantGroup section */

/* Begin XCBuildConfiguration section */
		01E7C2C5204EA64500DFEF52 /* Debug */ = {
			isa = XCBuildConfiguration;
			buildSettings = {
				ALWAYS_SEARCH_USER_PATHS = NO;
				CLANG_ANALYZER_NONNULL = YES;
				CLANG_ANALYZER_NUMBER_OBJECT_CONVERSION = YES_AGGRESSIVE;
				CLANG_CXX_LANGUAGE_STANDARD = "gnu++14";
				CLANG_CXX_LIBRARY = "libc++";
				CLANG_ENABLE_MODULES = YES;
				CLANG_ENABLE_OBJC_ARC = YES;
				CLANG_WARN_BLOCK_CAPTURE_AUTORELEASING = YES;
				CLANG_WARN_BOOL_CONVERSION = YES;
				CLANG_WARN_COMMA = YES;
				CLANG_WARN_CONSTANT_CONVERSION = YES;
				CLANG_WARN_DIRECT_OBJC_ISA_USAGE = YES_ERROR;
				CLANG_WARN_DOCUMENTATION_COMMENTS = YES;
				CLANG_WARN_EMPTY_BODY = YES;
				CLANG_WARN_ENUM_CONVERSION = YES;
				CLANG_WARN_INFINITE_RECURSION = YES;
				CLANG_WARN_INT_CONVERSION = YES;
				CLANG_WARN_NON_LITERAL_NULL_CONVERSION = YES;
				CLANG_WARN_OBJC_LITERAL_CONVERSION = YES;
				CLANG_WARN_OBJC_ROOT_CLASS = YES_ERROR;
				CLANG_WARN_RANGE_LOOP_ANALYSIS = YES;
				CLANG_WARN_STRICT_PROTOTYPES = YES;
				CLANG_WARN_SUSPICIOUS_MOVE = YES;
				CLANG_WARN_UNGUARDED_AVAILABILITY = YES_AGGRESSIVE;
				CLANG_WARN_UNREACHABLE_CODE = YES;
				CLANG_WARN__DUPLICATE_METHOD_MATCH = YES;
				CODE_SIGN_IDENTITY = "iPhone Developer";
				COPY_PHASE_STRIP = NO;
				DEBUG_INFORMATION_FORMAT = dwarf;
				ENABLE_STRICT_OBJC_MSGSEND = YES;
				ENABLE_TESTABILITY = YES;
				GCC_C_LANGUAGE_STANDARD = gnu11;
				GCC_DYNAMIC_NO_PIC = NO;
				GCC_NO_COMMON_BLOCKS = YES;
				GCC_OPTIMIZATION_LEVEL = 0;
				GCC_PREPROCESSOR_DEFINITIONS = (
					"DEBUG=1",
					"$(inherited)",
				);
				GCC_WARN_64_TO_32_BIT_CONVERSION = YES;
				GCC_WARN_ABOUT_RETURN_TYPE = YES_ERROR;
				GCC_WARN_UNDECLARED_SELECTOR = YES;
				GCC_WARN_UNINITIALIZED_AUTOS = YES_AGGRESSIVE;
				GCC_WARN_UNUSED_FUNCTION = YES;
				GCC_WARN_UNUSED_VARIABLE = YES;
				IPHONEOS_DEPLOYMENT_TARGET = 11.2;
				MTL_ENABLE_DEBUG_INFO = YES;
				ONLY_ACTIVE_ARCH = YES;
				SDKROOT = iphoneos;
			};
			name = Debug;
		};
		01E7C2C6204EA64500DFEF52 /* Release */ = {
			isa = XCBuildConfiguration;
			buildSettings = {
				ALWAYS_SEARCH_USER_PATHS = NO;
				CLANG_ANALYZER_NONNULL = YES;
				CLANG_ANALYZER_NUMBER_OBJECT_CONVERSION = YES_AGGRESSIVE;
				CLANG_CXX_LANGUAGE_STANDARD = "gnu++14";
				CLANG_CXX_LIBRARY = "libc++";
				CLANG_ENABLE_MODULES = YES;
				CLANG_ENABLE_OBJC_ARC = YES;
				CLANG_WARN_BLOCK_CAPTURE_AUTORELEASING = YES;
				CLANG_WARN_BOOL_CONVERSION = YES;
				CLANG_WARN_COMMA = YES;
				CLANG_WARN_CONSTANT_CONVERSION = YES;
				CLANG_WARN_DIRECT_OBJC_ISA_USAGE = YES_ERROR;
				CLANG_WARN_DOCUMENTATION_COMMENTS = YES;
				CLANG_WARN_EMPTY_BODY = YES;
				CLANG_WARN_ENUM_CONVERSION = YES;
				CLANG_WARN_INFINITE_RECURSION = YES;
				CLANG_WARN_INT_CONVERSION = YES;
				CLANG_WARN_NON_LITERAL_NULL_CONVERSION = YES;
				CLANG_WARN_OBJC_LITERAL_CONVERSION = YES;
				CLANG_WARN_OBJC_ROOT_CLASS = YES_ERROR;
				CLANG_WARN_RANGE_LOOP_ANALYSIS = YES;
				CLANG_WARN_STRICT_PROTOTYPES = YES;
				CLANG_WARN_SUSPICIOUS_MOVE = YES;
				CLANG_WARN_UNGUARDED_AVAILABILITY = YES_AGGRESSIVE;
				CLANG_WARN_UNREACHABLE_CODE = YES;
				CLANG_WARN__DUPLICATE_METHOD_MATCH = YES;
				CODE_SIGN_IDENTITY = "iPhone Developer";
				COPY_PHASE_STRIP = NO;
				DEBUG_INFORMATION_FORMAT = "dwarf-with-dsym";
				ENABLE_NS_ASSERTIONS = NO;
				ENABLE_STRICT_OBJC_MSGSEND = YES;
				GCC_C_LANGUAGE_STANDARD = gnu11;
				GCC_NO_COMMON_BLOCKS = YES;
				GCC_WARN_64_TO_32_BIT_CONVERSION = YES;
				GCC_WARN_ABOUT_RETURN_TYPE = YES_ERROR;
				GCC_WARN_UNDECLARED_SELECTOR = YES;
				GCC_WARN_UNINITIALIZED_AUTOS = YES_AGGRESSIVE;
				GCC_WARN_UNUSED_FUNCTION = YES;
				GCC_WARN_UNUSED_VARIABLE = YES;
				IPHONEOS_DEPLOYMENT_TARGET = 11.2;
				MTL_ENABLE_DEBUG_INFO = NO;
				SDKROOT = iphoneos;
				VALIDATE_PRODUCT = YES;
			};
			name = Release;
		};
		01E7C2C8204EA64500DFEF52 /* Debug */ = {
			isa = XCBuildConfiguration;
			buildSettings = {
				ASSETCATALOG_COMPILER_APPICON_NAME = AppIcon;
				CODE_SIGN_STYLE = Automatic;
				INFOPLIST_FILE = demo1/Info.plist;
				LD_RUNPATH_SEARCH_PATHS = "$(inherited) @executable_path/Frameworks";
				PRODUCT_BUNDLE_IDENTIFIER = LW.demo1;
				PRODUCT_NAME = "$(TARGET_NAME)";
				TARGETED_DEVICE_FAMILY = "1,2";
			};
			name = Debug;
		};
		01E7C2C9204EA64500DFEF52 /* Release */ = {
			isa = XCBuildConfiguration;
			buildSettings = {
				ASSETCATALOG_COMPILER_APPICON_NAME = AppIcon;
				CODE_SIGN_STYLE = Automatic;
				INFOPLIST_FILE = demo1/Info.plist;
				LD_RUNPATH_SEARCH_PATHS = "$(inherited) @executable_path/Frameworks";
				PRODUCT_BUNDLE_IDENTIFIER = LW.demo1;
				PRODUCT_NAME = "$(TARGET_NAME)";
				TARGETED_DEVICE_FAMILY = "1,2";
			};
			name = Release;
		};
		01E7C2CB204EA64500DFEF52 /* Debug */ = {
			isa = XCBuildConfiguration;
			buildSettings = {
				BUNDLE_LOADER = "$(TEST_HOST)";
				CODE_SIGN_STYLE = Automatic;
				INFOPLIST_FILE = demo1Tests/Info.plist;
				LD_RUNPATH_SEARCH_PATHS = "$(inherited) @executable_path/Frameworks @loader_path/Frameworks";
				PRODUCT_BUNDLE_IDENTIFIER = LW.demo1Tests;
				PRODUCT_NAME = "$(TARGET_NAME)";
				TARGETED_DEVICE_FAMILY = "1,2";
				TEST_HOST = "$(BUILT_PRODUCTS_DIR)/demo1.app/demo1";
			};
			name = Debug;
		};
		01E7C2CC204EA64500DFEF52 /* Release */ = {
			isa = XCBuildConfiguration;
			buildSettings = {
				BUNDLE_LOADER = "$(TEST_HOST)";
				CODE_SIGN_STYLE = Automatic;
				INFOPLIST_FILE = demo1Tests/Info.plist;
				LD_RUNPATH_SEARCH_PATHS = "$(inherited) @executable_path/Frameworks @loader_path/Frameworks";
				PRODUCT_BUNDLE_IDENTIFIER = LW.demo1Tests;
				PRODUCT_NAME = "$(TARGET_NAME)";
				TARGETED_DEVICE_FAMILY = "1,2";
				TEST_HOST = "$(BUILT_PRODUCTS_DIR)/demo1.app/demo1";
			};
			name = Release;
		};
		01E7C2CE204EA64500DFEF52 /* Debug */ = {
			isa = XCBuildConfiguration;
			buildSettings = {
				CODE_SIGN_STYLE = Automatic;
				INFOPLIST_FILE = demo1UITests/Info.plist;
				LD_RUNPATH_SEARCH_PATHS = "$(inherited) @executable_path/Frameworks @loader_path/Frameworks";
				PRODUCT_BUNDLE_IDENTIFIER = LW.demo1UITests;
				PRODUCT_NAME = "$(TARGET_NAME)";
				TARGETED_DEVICE_FAMILY = "1,2";
				TEST_TARGET_NAME = demo1;
			};
			name = Debug;
		};
		01E7C2CF204EA64500DFEF52 /* Release */ = {
			isa = XCBuildConfiguration;
			buildSettings = {
				CODE_SIGN_STYLE = Automatic;
				INFOPLIST_FILE = demo1UITests/Info.plist;
				LD_RUNPATH_SEARCH_PATHS = "$(inherited) @executable_path/Frameworks @loader_path/Frameworks";
				PRODUCT_BUNDLE_IDENTIFIER = LW.demo1UITests;
				PRODUCT_NAME = "$(TARGET_NAME)";
				TARGETED_DEVICE_FAMILY = "1,2";
				TEST_TARGET_NAME = demo1;
			};
			name = Release;
		};
/* End XCBuildConfiguration section */

/* Begin XCConfigurationList section */
		01E7C296204EA64500DFEF52 /* Build configuration list for PBXProject "demo1" */ = {
			isa = XCConfigurationList;
			buildConfigurations = (
				01E7C2C5204EA64500DFEF52 /* Debug */,
				01E7C2C6204EA64500DFEF52 /* Release */,
			);
			defaultConfigurationIsVisible = 0;
			defaultConfigurationName = Release;
		};
		01E7C2C7204EA64500DFEF52 /* Build configuration list for PBXNativeTarget "demo1" */ = {
			isa = XCConfigurationList;
			buildConfigurations = (
				01E7C2C8204EA64500DFEF52 /* Debug */,
				01E7C2C9204EA64500DFEF52 /* Release */,
			);
			defaultConfigurationIsVisible = 0;
			defaultConfigurationName = Release;
		};
		01E7C2CA204EA64500DFEF52 /* Build configuration list for PBXNativeTarget "demo1Tests" */ = {
			isa = XCConfigurationList;
			buildConfigurations = (
				01E7C2CB204EA64500DFEF52 /* Debug */,
				01E7C2CC204EA64500DFEF52 /* Release */,
			);
			defaultConfigurationIsVisible = 0;
			defaultConfigurationName = Release;
		};
		01E7C2CD204EA64500DFEF52 /* Build configuration list for PBXNativeTarget "demo1UITests" */ = {
			isa = XCConfigurationList;
			buildConfigurations = (
				01E7C2CE204EA64500DFEF52 /* Debug */,
				01E7C2CF204EA64500DFEF52 /* Release */,
			);
			defaultConfigurationIsVisible = 0;
			defaultConfigurationName = Release;
		};
/* End XCConfigurationList section */
	};
	rootObject = 01E7C293204EA64500DFEF52 /* Project object */;
}
